
Microsoft Visual Studio Solution File, Format Version 12.00
# Visual Studio 2013
VisualStudioVersion = 12.0.21005.1
MinimumVisualStudioVersion = 10.0.40219.1
Project("{FAE04EC0-301F-11D3-BF4B-00C04F79EFBC}") = "PC1-2012217906", "PC1-2012217906\PC1-2012217906.csproj", "{157A7CEF-508E-4EA6-9D6C-D1CE224490AD}"
EndProject
Project("{FAE04EC0-301F-11D3-BF4B-00C04F79EFBC}") = "Clases", "Clases\Clases.csproj", "{46A1F45C-C600-4689-896E-BAD29C974539}"
EndProject
Global
	GlobalSection(SolutionConfigurationPlatforms) = preSolution
		Debug|Any CPU = Debug|Any CPU
		Release|Any CPU = Release|Any CPU
	EndGlobalSection
	GlobalSection(ProjectConfigurationPlatforms) = postSolution
		{157A7CEF-508E-4EA6-9D6C-D1CE224490AD}.Debug|Any CPU.ActiveCfg = Debug|Any CPU
		{157A7CEF-508E-4EA6-9D6C-D1CE224490AD}.Debug|Any CPU.Build.0 = Debug|Any CPU
		{157A7CEF-508E-4EA6-9D6C-D1CE224490AD}.Release|Any CPU.ActiveCfg = Release|Any CPU
		{157A7CEF-508E-4EA6-9D6C-D1CE224490AD}.Release|Any CPU.Build.0 = Release|Any CPU
		{46A1F45C-C600-4689-896E-BAD29C974539}.Debug|Any CPU.ActiveCfg = Debug|Any CPU
		{46A1F45C-C600-4689-896E-BAD29C974539}.Debug|Any CPU.Build.0 = Debug|Any CPU
		{46A1F45C-C600-4689-896E-BAD29C974539}.Release|Any CPU.ActiveCfg = Release|Any CPU
		{46A1F45C-C600-4689-896E-BAD29C974539}.Release|Any CPU.Build.0 = Release|Any CPU
	EndGlobalSection
	GlobalSection(SolutionProperties) = preSolution
		HideSolutionNode = FALSE
	EndGlobalSection
EndGlobal
